
Microsoft Visual Studio Solution File, Format Version 12.00
# Visual Studio Version 17
VisualStudioVersion = 17.0.31903.59
MinimumVisualStudioVersion = 10.0.40219.1
Project("{FAE04EC0-301F-11D3-BF4B-00C04F79EFBC}") = "backend", "backend.csproj", "{64D66D53-72C1-44A8-8068-8D4706F85165}"
EndProject
Global
	GlobalSection(SolutionConfigurationPlatforms) = preSolution
		Debug|Any CPU = Debug|Any CPU
		Release|Any CPU = Release|Any CPU
	EndGlobalSection
	GlobalSection(ProjectConfigurationPlatforms) = postSolution
		{64D66D53-72C1-44A8-8068-8D4706F85165}.Debug|Any CPU.ActiveCfg = Debug|Any CPU
		{64D66D53-72C1-44A8-8068-8D4706F85165}.Debug|Any CPU.Build.0 = Debug|Any CPU
		{64D66D53-72C1-44A8-8068-8D4706F85165}.Release|Any CPU.ActiveCfg = Release|Any CPU
		{64D66D53-72C1-44A8-8068-8D4706F85165}.Release|Any CPU.Build.0 = Release|Any CPU
	EndGlobalSection
	GlobalSection(SolutionProperties) = preSolution
		HideSolutionNode = FALSE
	EndGlobalSection
	GlobalSection(ExtensibilityGlobals) = postSolution
		SolutionGuid = {D346ED3A-6461-4341-A034-2935B0A00BAF}
	EndGlobalSection
EndGlobal
